
Microsoft Visual Studio Solution File, Format Version 12.00
# Visual Studio Version 17
VisualStudioVersion = 17.10.34928.147
MinimumVisualStudioVersion = 10.0.40219.1
Project("{9A19103F-16F7-4668-BE54-9A1E7A4F7556}") = "HungNUnit", "HungNUnit\HungNUnit.csproj", "{9FB0540C-8D61-40C7-96D3-30AD1427A568}"
EndProject
Project("{9A19103F-16F7-4668-BE54-9A1E7A4F7556}") = "HungNUnitTest", "HungNUnitTest\HungNUnitTest.csproj", "{67B92295-65D1-4747-A418-B329E8DA1688}"
EndProject
Project("{9A19103F-16F7-4668-BE54-9A1E7A4F7556}") = "HungMSUnitTest", "HungMSUnitTest\HungMSUnitTest.csproj", "{D5B62BAC-B86C-4A2B-ABC0-C9B1EF21F58E}"
EndProject
Project("{FAE04EC0-301F-11D3-BF4B-00C04F79EFBC}") = "NUnit_Selenium", "NUnit_Selenium\NUnit_Selenium.csproj", "{9C14C96C-6545-4DDB-9A84-CBBC6728811F}"
EndProject
Global
	GlobalSection(SolutionConfigurationPlatforms) = preSolution
		Debug|Any CPU = Debug|Any CPU
		Release|Any CPU = Release|Any CPU
	EndGlobalSection
	GlobalSection(ProjectConfigurationPlatforms) = postSolution
		{9FB0540C-8D61-40C7-96D3-30AD1427A568}.Debug|Any CPU.ActiveCfg = Debug|Any CPU
		{9FB0540C-8D61-40C7-96D3-30AD1427A568}.Debug|Any CPU.Build.0 = Debug|Any CPU
		{9FB0540C-8D61-40C7-96D3-30AD1427A568}.Release|Any CPU.ActiveCfg = Release|Any CPU
		{9FB0540C-8D61-40C7-96D3-30AD1427A568}.Release|Any CPU.Build.0 = Release|Any CPU
		{67B92295-65D1-4747-A418-B329E8DA1688}.Debug|Any CPU.ActiveCfg = Debug|Any CPU
		{67B92295-65D1-4747-A418-B329E8DA1688}.Debug|Any CPU.Build.0 = Debug|Any CPU
		{67B92295-65D1-4747-A418-B329E8DA1688}.Release|Any CPU.ActiveCfg = Release|Any CPU
		{67B92295-65D1-4747-A418-B329E8DA1688}.Release|Any CPU.Build.0 = Release|Any CPU
		{D5B62BAC-B86C-4A2B-ABC0-C9B1EF21F58E}.Debug|Any CPU.ActiveCfg = Debug|Any CPU
		{D5B62BAC-B86C-4A2B-ABC0-C9B1EF21F58E}.Debug|Any CPU.Build.0 = Debug|Any CPU
		{D5B62BAC-B86C-4A2B-ABC0-C9B1EF21F58E}.Release|Any CPU.ActiveCfg = Release|Any CPU
		{D5B62BAC-B86C-4A2B-ABC0-C9B1EF21F58E}.Release|Any CPU.Build.0 = Release|Any CPU
		{9C14C96C-6545-4DDB-9A84-CBBC6728811F}.Debug|Any CPU.ActiveCfg = Debug|Any CPU
		{9C14C96C-6545-4DDB-9A84-CBBC6728811F}.Debug|Any CPU.Build.0 = Debug|Any CPU
		{9C14C96C-6545-4DDB-9A84-CBBC6728811F}.Release|Any CPU.ActiveCfg = Release|Any CPU
		{9C14C96C-6545-4DDB-9A84-CBBC6728811F}.Release|Any CPU.Build.0 = Release|Any CPU
	EndGlobalSection
	GlobalSection(SolutionProperties) = preSolution
		HideSolutionNode = FALSE
	EndGlobalSection
	GlobalSection(ExtensibilityGlobals) = postSolution
		SolutionGuid = {D380E64E-20BB-4E45-8FB5-F407FBC3EAB3}
	EndGlobalSection
EndGlobal
